{
  "name": "assets",
  "lockfileVersion": 3,
  "requires": true,
  "packages": {
    "": {
      "dependencies": {
        "@material-design-icons/svg": "^0.14.13",
        "@material-symbols/svg-300": "^0.14.3"
      }
    },
    "node_modules/@material-design-icons/svg": {
      "version": "0.14.13",
      "resolved": "https://registry.npmjs.org/@material-design-icons/svg/-/svg-0.14.13.tgz",
      "integrity": "sha512-nCExGZOtoLoFeeqShEOM4XA9DkkLzLlQdk/ZxHxps0//dz6e1Lw3fvQbZ2X/+0Dz2O+udiEukfZ4Nd4KpHg8aA=="
    },
    "node_modules/@material-symbols/svg-300": {
      "version": "0.14.3",
      "resolved": "https://registry.npmjs.org/@material-symbols/svg-300/-/svg-300-0.14.3.tgz",
      "integrity": "sha512-Ucp0g1+Yf6968qChlMgTR4VYa8wy2Zeg/QzVw8k5F3ToP6O57Lh8CW2x5RFyH4GQQW1HkbVsQSPOyFR8uzgnTg=="
    }
  }
}
